
Microsoft Visual Studio Solution File, Format Version 12.00
# Visual Studio 2013
VisualStudioVersion = 12.0.30501.0
MinimumVisualStudioVersion = 10.0.40219.1
Project("{FAE04EC0-301F-11D3-BF4B-00C04F79EFBC}") = "Koo.Web.UI", "WebApplication1\Koo.Web.UI.csproj", "{ACFFA15A-376D-4A54-975A-DEA7B3026B28}"
EndProject
Project("{FAE04EC0-301F-11D3-BF4B-00C04F79EFBC}") = "Koolouhui.Web.UI", "Koolouhui\Koolouhui.Web.UI.csproj", "{4C9A4EE1-0B88-48A7-82DC-69FA064B5290}"
EndProject
Global
	GlobalSection(SolutionConfigurationPlatforms) = preSolution
		Debug|Any CPU = Debug|Any CPU
		Release|Any CPU = Release|Any CPU
	EndGlobalSection
	GlobalSection(ProjectConfigurationPlatforms) = postSolution
		{ACFFA15A-376D-4A54-975A-DEA7B3026B28}.Debug|Any CPU.ActiveCfg = Debug|Any CPU
		{ACFFA15A-376D-4A54-975A-DEA7B3026B28}.Debug|Any CPU.Build.0 = Debug|Any CPU
		{ACFFA15A-376D-4A54-975A-DEA7B3026B28}.Release|Any CPU.ActiveCfg = Release|Any CPU
		{ACFFA15A-376D-4A54-975A-DEA7B3026B28}.Release|Any CPU.Build.0 = Release|Any CPU
		{4C9A4EE1-0B88-48A7-82DC-69FA064B5290}.Debug|Any CPU.ActiveCfg = Debug|Any CPU
		{4C9A4EE1-0B88-48A7-82DC-69FA064B5290}.Debug|Any CPU.Build.0 = Debug|Any CPU
		{4C9A4EE1-0B88-48A7-82DC-69FA064B5290}.Release|Any CPU.ActiveCfg = Release|Any CPU
		{4C9A4EE1-0B88-48A7-82DC-69FA064B5290}.Release|Any CPU.Build.0 = Release|Any CPU
	EndGlobalSection
	GlobalSection(SolutionProperties) = preSolution
		HideSolutionNode = FALSE
	EndGlobalSection
EndGlobal
